
Microsoft Visual Studio Solution File, Format Version 10.00
# Visual Studio 2008
Project("{FAE04EC0-301F-11D3-BF4B-00C04F79EFBC}") = "TrailBlazerNet", "TrailBlazerNet\TrailBlazerNet.csproj", "{B2F7EE25-B270-4FE2-B376-D0F3B3A9A019}"
EndProject
Project("{FAE04EC0-301F-11D3-BF4B-00C04F79EFBC}") = "Test", "Test\Test.csproj", "{6EEF7B6A-C4A7-4783-80E4-B0EEFDC7ED83}"
EndProject
Global
	GlobalSection(SolutionConfigurationPlatforms) = preSolution
		Debug|Any CPU = Debug|Any CPU
		Release|Any CPU = Release|Any CPU
	EndGlobalSection
	GlobalSection(ProjectConfigurationPlatforms) = postSolution
		{6EEF7B6A-C4A7-4783-80E4-B0EEFDC7ED83}.Debug|Any CPU.ActiveCfg = Debug|Any CPU
		{6EEF7B6A-C4A7-4783-80E4-B0EEFDC7ED83}.Debug|Any CPU.Build.0 = Debug|Any CPU
		{6EEF7B6A-C4A7-4783-80E4-B0EEFDC7ED83}.Release|Any CPU.ActiveCfg = Release|Any CPU
		{6EEF7B6A-C4A7-4783-80E4-B0EEFDC7ED83}.Release|Any CPU.Build.0 = Release|Any CPU
		{B2F7EE25-B270-4FE2-B376-D0F3B3A9A019}.Debug|Any CPU.ActiveCfg = Debug|Any CPU
		{B2F7EE25-B270-4FE2-B376-D0F3B3A9A019}.Debug|Any CPU.Build.0 = Debug|Any CPU
		{B2F7EE25-B270-4FE2-B376-D0F3B3A9A019}.Release|Any CPU.ActiveCfg = Release|Any CPU
		{B2F7EE25-B270-4FE2-B376-D0F3B3A9A019}.Release|Any CPU.Build.0 = Release|Any CPU
	EndGlobalSection
	GlobalSection(MonoDevelopProperties) = preSolution
		StartupItem = Test\Test.csproj
	EndGlobalSection
EndGlobal
